// !$*UTF8*$!
{
	archiveVersion = 1;
	classes = {
	};
	objectVersion = 56;
	objects = {

/* Begin PBXBuildFile section */
		3D99FDB329B8804D00560342 /* AppDelegate.swift in Sources */ = {isa = PBXBuildFile; fileRef = 3D99FDB229B8804D00560342 /* AppDelegate.swift */; };
		3D99FDB529B8804D00560342 /* SceneDelegate.swift in Sources */ = {isa = PBXBuildFile; fileRef = 3D99FDB429B8804D00560342 /* SceneDelegate.swift */; };
		3D99FDB729B8804D00560342 /* ViewController.swift in Sources */ = {isa = PBXBuildFile; fileRef = 3D99FDB629B8804D00560342 /* ViewController.swift */; };
		3D99FDBA29B8804D00560342 /* Main.storyboard in Resources */ = {isa = PBXBuildFile; fileRef = 3D99FDB829B8804D00560342 /* Main.storyboard */; };
		3D99FDBC29B8805100560342 /* Assets.xcassets in Resources */ = {isa = PBXBuildFile; fileRef = 3D99FDBB29B8805100560342 /* Assets.xcassets */; };
		3D99FDBF29B8805100560342 /* LaunchScreen.storyboard in Resources */ = {isa = PBXBuildFile; fileRef = 3D99FDBD29B8805100560342 /* LaunchScreen.storyboard */; };
		3D99FDC929BCEB2100560342 /* SignUpViewController.swift in Sources */ = {isa = PBXBuildFile; fileRef = 3D99FDC829BCEB2100560342 /* SignUpViewController.swift */; };
		3D99FDCB29BE3AF100560342 /* PasswordResetViewController.swift in Sources */ = {isa = PBXBuildFile; fileRef = 3D99FDCA29BE3AF100560342 /* PasswordResetViewController.swift */; };
		3D99FDCD29BF5FA300560342 /* PasswordChangeViewController.swift in Sources */ = {isa = PBXBuildFile; fileRef = 3D99FDCC29BF5FA300560342 /* PasswordChangeViewController.swift */; };
		3D99FDCF29BF670E00560342 /* SuccessViewController.swift in Sources */ = {isa = PBXBuildFile; fileRef = 3D99FDCE29BF670E00560342 /* SuccessViewController.swift */; };
/* End PBXBuildFile section */

/* Begin PBXFileReference section */
		3D99FDAF29B8804D00560342 /* HomeTask032.app */ = {isa = PBXFileReference; explicitFileType = wrapper.application; includeInIndex = 0; path = HomeTask032.app; sourceTree = BUILT_PRODUCTS_DIR; };
		3D99FDB229B8804D00560342 /* AppDelegate.swift */ = {isa = PBXFileReference; lastKnownFileType = sourcecode.swift; path = AppDelegate.swift; sourceTree = "<group>"; };
		3D99FDB429B8804D00560342 /* SceneDelegate.swift */ = {isa = PBXFileReference; lastKnownFileType = sourcecode.swift; path = SceneDelegate.swift; sourceTree = "<group>"; };
		3D99FDB629B8804D00560342 /* ViewController.swift */ = {isa = PBXFileReference; lastKnownFileType = sourcecode.swift; path = ViewController.swift; sourceTree = "<group>"; };
		3D99FDB929B8804D00560342 /* Base */ = {isa = PBXFileReference; lastKnownFileType = file.storyboard; name = Base; path = Base.lproj/Main.storyboard; sourceTree = "<group>"; };
		3D99FDBB29B8805100560342 /* Assets.xcassets */ = {isa = PBXFileReference; lastKnownFileType = folder.assetcatalog; path = Assets.xcassets; sourceTree = "<group>"; };
		3D99FDBE29B8805100560342 /* Base */ = {isa = PBXFileReference; lastKnownFileType = file.storyboard; name = Base; path = Base.lproj/LaunchScreen.storyboard; sourceTree = "<group>"; };
		3D99FDC029B8805100560342 /* Info.plist */ = {isa = PBXFileReference; lastKnownFileType = text.plist.xml; path = Info.plist; sourceTree = "<group>"; };
		3D99FDC829BCEB2100560342 /* SignUpViewController.swift */ = {isa = PBXFileReference; lastKnownFileType = sourcecode.swift; path = SignUpViewController.swift; sourceTree = "<group>"; };
		3D99FDCA29BE3AF100560342 /* PasswordResetViewController.swift */ = {isa = PBXFileReference; lastKnownFileType = sourcecode.swift; path = PasswordResetViewController.swift; sourceTree = "<group>"; };
		3D99FDCC29BF5FA300560342 /* PasswordChangeViewController.swift */ = {isa = PBXFileReference; lastKnownFileType = sourcecode.swift; path = PasswordChangeViewController.swift; sourceTree = "<group>"; };
		3D99FDCE29BF670E00560342 /* SuccessViewController.swift */ = {isa = PBXFileReference; lastKnownFileType = sourcecode.swift; path = SuccessViewController.swift; sourceTree = "<group>"; };
/* End PBXFileReference section */

/* Begin PBXFrameworksBuildPhase section */
		3D99FDAC29B8804D00560342 /* Frameworks */ = {
			isa = PBXFrameworksBuildPhase;
			buildActionMask = 2147483647;
			files = (
			);
			runOnlyForDeploymentPostprocessing = 0;
		};
/* End PBXFrameworksBuildPhase section */

/* Begin PBXGroup section */
		3D99FDA629B8804D00560342 = {
			isa = PBXGroup;
			children = (
				3D99FDB129B8804D00560342 /* lesson033 */,
				3D99FDB029B8804D00560342 /* Products */,
			);
			sourceTree = "<group>";
		};
		3D99FDB029B8804D00560342 /* Products */ = {
			isa = PBXGroup;
			children = (
				3D99FDAF29B8804D00560342 /* HomeTask032.app */,
			);
			name = Products;
			sourceTree = "<group>";
		};
		3D99FDB129B8804D00560342 /* lesson033 */ = {
			isa = PBXGroup;
			children = (
				3D99FDB229B8804D00560342 /* AppDelegate.swift */,
				3D99FDB429B8804D00560342 /* SceneDelegate.swift */,
				3D99FDB629B8804D00560342 /* ViewController.swift */,
				3D99FDC829BCEB2100560342 /* SignUpViewController.swift */,
				3D99FDCA29BE3AF100560342 /* PasswordResetViewController.swift */,
				3D99FDCC29BF5FA300560342 /* PasswordChangeViewController.swift */,
				3D99FDCE29BF670E00560342 /* SuccessViewController.swift */,
				3D99FDB829B8804D00560342 /* Main.storyboard */,
				3D99FDBB29B8805100560342 /* Assets.xcassets */,
				3D99FDBD29B8805100560342 /* LaunchScreen.storyboard */,
				3D99FDC029B8805100560342 /* Info.plist */,
			);
			path = lesson033;
			sourceTree = "<group>";
		};
/* End PBXGroup section */

/* Begin PBXNativeTarget section */
		3D99FDAE29B8804D00560342 /* HomeTask032 */ = {
			isa = PBXNativeTarget;
			buildConfigurationList = 3D99FDC329B8805100560342 /* Build configuration list for PBXNativeTarget "HomeTask032" */;
			buildPhases = (
				3D99FDAB29B8804D00560342 /* Sources */,
				3D99FDAC29B8804D00560342 /* Frameworks */,
				3D99FDAD29B8804D00560342 /* Resources */,
			);
			buildRules = (
			);
			dependencies = (
			);
			name = HomeTask032;
			productName = lesson033;
			productReference = 3D99FDAF29B8804D00560342 /* HomeTask032.app */;
			productType = "com.apple.product-type.application";
		};
/* End PBXNativeTarget section */

/* Begin PBXProject section */
		3D99FDA729B8804D00560342 /* Project object */ = {
			isa = PBXProject;
			attributes = {
				BuildIndependentTargetsInParallel = 1;
				LastSwiftUpdateCheck = 1400;
				LastUpgradeCheck = 1400;
				TargetAttributes = {
					3D99FDAE29B8804D00560342 = {
						CreatedOnToolsVersion = 14.0.1;
					};
				};
			};
			buildConfigurationList = 3D99FDAA29B8804D00560342 /* Build configuration list for PBXProject "HomeTask032" */;
			compatibilityVersion = "Xcode 14.0";
			developmentRegion = en;
			hasScannedForEncodings = 0;
			knownRegions = (
				en,
				Base,
			);
			mainGroup = 3D99FDA629B8804D00560342;
			productRefGroup = 3D99FDB029B8804D00560342 /* Products */;
			projectDirPath = "";
			projectRoot = "";
			targets = (
				3D99FDAE29B8804D00560342 /* HomeTask032 */,
			);
		};
/* End PBXProject section */

/* Begin PBXResourcesBuildPhase section */
		3D99FDAD29B8804D00560342 /* Resources */ = {
			isa = PBXResourcesBuildPhase;
			buildActionMask = 2147483647;
			files = (
				3D99FDBF29B8805100560342 /* LaunchScreen.storyboard in Resources */,
				3D99FDBC29B8805100560342 /* Assets.xcassets in Resources */,
				3D99FDBA29B8804D00560342 /* Main.storyboard in Resources */,
			);
			runOnlyForDeploymentPostprocessing = 0;
		};
/* End PBXResourcesBuildPhase section */

/* Begin PBXSourcesBuildPhase section */
		3D99FDAB29B8804D00560342 /* Sources */ = {
			isa = PBXSourcesBuildPhase;
			buildActionMask = 2147483647;
			files = (
				3D99FDB729B8804D00560342 /* ViewController.swift in Sources */,
				3D99FDCF29BF670E00560342 /* SuccessViewController.swift in Sources */,
				3D99FDCB29BE3AF100560342 /* PasswordResetViewController.swift in Sources */,
				3D99FDB329B8804D00560342 /* AppDelegate.swift in Sources */,
				3D99FDCD29BF5FA300560342 /* PasswordChangeViewController.swift in Sources */,
				3D99FDC929BCEB2100560342 /* SignUpViewController.swift in Sources */,
				3D99FDB529B8804D00560342 /* SceneDelegate.swift in Sources */,
			);
			runOnlyForDeploymentPostprocessing = 0;
		};
/* End PBXSourcesBuildPhase section */

/* Begin PBXVariantGroup section */
		3D99FDB829B8804D00560342 /* Main.storyboard */ = {
			isa = PBXVariantGroup;
			children = (
				3D99FDB929B8804D00560342 /* Base */,
			);
			name = Main.storyboard;
			sourceTree = "<group>";
		};
		3D99FDBD29B8805100560342 /* LaunchScreen.storyboard */ = {
			isa = PBXVariantGroup;
			children = (
				3D99FDBE29B8805100560342 /* Base */,
			);
			name = LaunchScreen.storyboard;
			sourceTree = "<group>";
		};
/* End PBXVariantGroup section */

/* Begin XCBuildConfiguration section */
		3D99FDC129B8805100560342 /* Debug */ = {
			isa = XCBuildConfiguration;
			buildSettings = {
				ALWAYS_SEARCH_USER_PATHS = NO;
				CLANG_ANALYZER_NONNULL = YES;
				CLANG_ANALYZER_NUMBER_OBJECT_CONVERSION = YES_AGGRESSIVE;
				CLANG_CXX_LANGUAGE_STANDARD = "gnu++20";
				CLANG_ENABLE_MODULES = YES;
				CLANG_ENABLE_OBJC_ARC = YES;
				CLANG_ENABLE_OBJC_WEAK = YES;
				CLANG_WARN_BLOCK_CAPTURE_AUTORELEASING = YES;
				CLANG_WARN_BOOL_CONVERSION = YES;
				CLANG_WARN_COMMA = YES;
				CLANG_WARN_CONSTANT_CONVERSION = YES;
				CLANG_WARN_DEPRECATED_OBJC_IMPLEMENTATIONS = YES;
				CLANG_WARN_DIRECT_OBJC_ISA_USAGE = YES_ERROR;
				CLANG_WARN_DOCUMENTATION_COMMENTS = YES;
				CLANG_WARN_EMPTY_BODY = YES;
				CLANG_WARN_ENUM_CONVERSION = YES;
				CLANG_WARN_INFINITE_RECURSION = YES;
				CLANG_WARN_INT_CONVERSION = YES;
				CLANG_WARN_NON_LITERAL_NULL_CONVERSION = YES;
				CLANG_WARN_OBJC_IMPLICIT_RETAIN_SELF = YES;
				CLANG_WARN_OBJC_LITERAL_CONVERSION = YES;
				CLANG_WARN_OBJC_ROOT_CLASS = YES_ERROR;
				CLANG_WARN_QUOTED_INCLUDE_IN_FRAMEWORK_HEADER = YES;
				CLANG_WARN_RANGE_LOOP_ANALYSIS = YES;
				CLANG_WARN_STRICT_PROTOTYPES = YES;
				CLANG_WARN_SUSPICIOUS_MOVE = YES;
				CLANG_WARN_UNGUARDED_AVAILABILITY = YES_AGGRESSIVE;
				CLANG_WARN_UNREACHABLE_CODE = YES;
				CLANG_WARN__DUPLICATE_METHOD_MATCH = YES;
				COPY_PHASE_STRIP = NO;
				DEBUG_INFORMATION_FORMAT = dwarf;
				ENABLE_STRICT_OBJC_MSGSEND = YES;
				ENABLE_TESTABILITY = YES;
				GCC_C_LANGUAGE_STANDARD = gnu11;
				GCC_DYNAMIC_NO_PIC = NO;
				GCC_NO_COMMON_BLOCKS = YES;
				GCC_OPTIMIZATION_LEVEL = 0;
				GCC_PREPROCESSOR_DEFINITIONS = (
					"DEBUG=1",
					"$(inherited)",
				);
				GCC_WARN_64_TO_32_BIT_CONVERSION = YES;
				GCC_WARN_ABOUT_RETURN_TYPE = YES_ERROR;
				GCC_WARN_UNDECLARED_SELECTOR = YES;
				GCC_WARN_UNINITIALIZED_AUTOS = YES_AGGRESSIVE;
				GCC_WARN_UNUSED_FUNCTION = YES;
				GCC_WARN_UNUSED_VARIABLE = YES;
				IPHONEOS_DEPLOYMENT_TARGET = 16.0;
				MTL_ENABLE_DEBUG_INFO = INCLUDE_SOURCE;
				MTL_FAST_MATH = YES;
				ONLY_ACTIVE_ARCH = YES;
				SDKROOT = iphoneos;
				SWIFT_ACTIVE_COMPILATION_CONDITIONS = DEBUG;
				SWIFT_OPTIMIZATION_LEVEL = "-Onone";
			};
			name = Debug;
		};
		3D99FDC229B8805100560342 /* Release */ = {
			isa = XCBuildConfiguration;
			buildSettings = {
				ALWAYS_SEARCH_USER_PATHS = NO;
				CLANG_ANALYZER_NONNULL = YES;
				CLANG_ANALYZER_NUMBER_OBJECT_CONVERSION = YES_AGGRESSIVE;
				CLANG_CXX_LANGUAGE_STANDARD = "gnu++20";
				CLANG_ENABLE_MODULES = YES;
				CLANG_ENABLE_OBJC_ARC = YES;
				CLANG_ENABLE_OBJC_WEAK = YES;
				CLANG_WARN_BLOCK_CAPTURE_AUTORELEASING = YES;
				CLANG_WARN_BOOL_CONVERSION = YES;
				CLANG_WARN_COMMA = YES;
				CLANG_WARN_CONSTANT_CONVERSION = YES;
				CLANG_WARN_DEPRECATED_OBJC_IMPLEMENTATIONS = YES;
				CLANG_WARN_DIRECT_OBJC_ISA_USAGE = YES_ERROR;
				CLANG_WARN_DOCUMENTATION_COMMENTS = YES;
				CLANG_WARN_EMPTY_BODY = YES;
				CLANG_WARN_ENUM_CONVERSION = YES;
				CLANG_WARN_INFINITE_RECURSION = YES;
				CLANG_WARN_INT_CONVERSION = YES;
				CLANG_WARN_NON_LITERAL_NULL_CONVERSION = YES;
				CLANG_WARN_OBJC_IMPLICIT_RETAIN_SELF = YES;
				CLANG_WARN_OBJC_LITERAL_CONVERSION = YES;
				CLANG_WARN_OBJC_ROOT_CLASS = YES_ERROR;
				CLANG_WARN_QUOTED_INCLUDE_IN_FRAMEWORK_HEADER = YES;
				CLANG_WARN_RANGE_LOOP_ANALYSIS = YES;
				CLANG_WARN_STRICT_PROTOTYPES = YES;
				CLANG_WARN_SUSPICIOUS_MOVE = YES;
				CLANG_WARN_UNGUARDED_AVAILABILITY = YES_AGGRESSIVE;
				CLANG_WARN_UNREACHABLE_CODE = YES;
				CLANG_WARN__DUPLICATE_METHOD_MATCH = YES;
				COPY_PHASE_STRIP = NO;
				DEBUG_INFORMATION_FORMAT = "dwarf-with-dsym";
				ENABLE_NS_ASSERTIONS = NO;
				ENABLE_STRICT_OBJC_MSGSEND = YES;
				GCC_C_LANGUAGE_STANDARD = gnu11;
				GCC_NO_COMMON_BLOCKS = YES;
				GCC_WARN_64_TO_32_BIT_CONVERSION = YES;
				GCC_WARN_ABOUT_RETURN_TYPE = YES_ERROR;
				GCC_WARN_UNDECLARED_SELECTOR = YES;
				GCC_WARN_UNINITIALIZED_AUTOS = YES_AGGRESSIVE;
				GCC_WARN_UNUSED_FUNCTION = YES;
				GCC_WARN_UNUSED_VARIABLE = YES;
				IPHONEOS_DEPLOYMENT_TARGET = 16.0;
				MTL_ENABLE_DEBUG_INFO = NO;
				MTL_FAST_MATH = YES;
				SDKROOT = iphoneos;
				SWIFT_COMPILATION_MODE = wholemodule;
				SWIFT_OPTIMIZATION_LEVEL = "-O";
				VALIDATE_PRODUCT = YES;
			};
			name = Release;
		};
		3D99FDC429B8805100560342 /* Debug */ = {
			isa = XCBuildConfiguration;
			buildSettings = {
				ASSETCATALOG_COMPILER_APPICON_NAME = AppIcon;
				ASSETCATALOG_COMPILER_GLOBAL_ACCENT_COLOR_NAME = AccentColor;
				CODE_SIGN_STYLE = Automatic;
				CURRENT_PROJECT_VERSION = 1;
				GENERATE_INFOPLIST_FILE = YES;
				INFOPLIST_FILE = lesson033/Info.plist;
				INFOPLIST_KEY_UIApplicationSupportsIndirectInputEvents = YES;
				INFOPLIST_KEY_UILaunchStoryboardName = LaunchScreen;
				INFOPLIST_KEY_UIMainStoryboardFile = Main;
				INFOPLIST_KEY_UISupportedInterfaceOrientations_iPad = "UIInterfaceOrientationPortrait UIInterfaceOrientationPortraitUpsideDown UIInterfaceOrientationLandscapeLeft UIInterfaceOrientationLandscapeRight";
				INFOPLIST_KEY_UISupportedInterfaceOrientations_iPhone = "UIInterfaceOrientationPortrait UIInterfaceOrientationLandscapeLeft UIInterfaceOrientationLandscapeRight";
				LD_RUNPATH_SEARCH_PATHS = (
					"$(inherited)",
					"@executable_path/Frameworks",
				);
				MARKETING_VERSION = 1.0;
				PRODUCT_BUNDLE_IDENTIFIER = Sonun.lesson033;
				PRODUCT_NAME = "$(TARGET_NAME)";
				SWIFT_EMIT_LOC_STRINGS = YES;
				SWIFT_VERSION = 5.0;
				TARGETED_DEVICE_FAMILY = "1,2";
			};
			name = Debug;
		};
		3D99FDC529B8805100560342 /* Release */ = {
			isa = XCBuildConfiguration;
			buildSettings = {
				ASSETCATALOG_COMPILER_APPICON_NAME = AppIcon;
				ASSETCATALOG_COMPILER_GLOBAL_ACCENT_COLOR_NAME = AccentColor;
				CODE_SIGN_STYLE = Automatic;
				CURRENT_PROJECT_VERSION = 1;
				GENERATE_INFOPLIST_FILE = YES;
				INFOPLIST_FILE = lesson033/Info.plist;
				INFOPLIST_KEY_UIApplicationSupportsIndirectInputEvents = YES;
				INFOPLIST_KEY_UILaunchStoryboardName = LaunchScreen;
				INFOPLIST_KEY_UIMainStoryboardFile = Main;
				INFOPLIST_KEY_UISupportedInterfaceOrientations_iPad = "UIInterfaceOrientationPortrait UIInterfaceOrientationPortraitUpsideDown UIInterfaceOrientationLandscapeLeft UIInterfaceOrientationLandscapeRight";
				INFOPLIST_KEY_UISupportedInterfaceOrientations_iPhone = "UIInterfaceOrientationPortrait UIInterfaceOrientationLandscapeLeft UIInterfaceOrientationLandscapeRight";
				LD_RUNPATH_SEARCH_PATHS = (
					"$(inherited)",
					"@executable_path/Frameworks",
				);
				MARKETING_VERSION = 1.0;
				PRODUCT_BUNDLE_IDENTIFIER = Sonun.lesson033;
				PRODUCT_NAME = "$(TARGET_NAME)";
				SWIFT_EMIT_LOC_STRINGS = YES;
				SWIFT_VERSION = 5.0;
				TARGETED_DEVICE_FAMILY = "1,2";
			};
			name = Release;
		};
/* End XCBuildConfiguration section */

/* Begin XCConfigurationList section */
		3D99FDAA29B8804D00560342 /* Build configuration list for PBXProject "HomeTask032" */ = {
			isa = XCConfigurationList;
			buildConfigurations = (
				3D99FDC129B8805100560342 /* Debug */,
				3D99FDC229B8805100560342 /* Release */,
			);
			defaultConfigurationIsVisible = 0;
			defaultConfigurationName = Release;
		};
		3D99FDC329B8805100560342 /* Build configuration list for PBXNativeTarget "HomeTask032" */ = {
			isa = XCConfigurationList;
			buildConfigurations = (
				3D99FDC429B8805100560342 /* Debug */,
				3D99FDC529B8805100560342 /* Release */,
			);
			defaultConfigurationIsVisible = 0;
			defaultConfigurationName = Release;
		};
/* End XCConfigurationList section */
	};
	rootObject = 3D99FDA729B8804D00560342 /* Project object */;
}
